
Microsoft Visual Studio Solution File, Format Version 12.00
# Visual Studio Version 16
VisualStudioVersion = 16.0.31019.35
MinimumVisualStudioVersion = 10.0.40219.1
Project("{F184B08F-C81C-45F6-A57F-5ABD9991F28F}") = "Web410716005", "Web410716005\Web410716005.vbproj", "{68E799B5-49A8-4F26-83FC-C00D5FCB29A2}"
EndProject
Global
	GlobalSection(SolutionConfigurationPlatforms) = preSolution
		Debug|Any CPU = Debug|Any CPU
		Release|Any CPU = Release|Any CPU
	EndGlobalSection
	GlobalSection(ProjectConfigurationPlatforms) = postSolution
		{68E799B5-49A8-4F26-83FC-C00D5FCB29A2}.Debug|Any CPU.ActiveCfg = Debug|Any CPU
		{68E799B5-49A8-4F26-83FC-C00D5FCB29A2}.Debug|Any CPU.Build.0 = Debug|Any CPU
		{68E799B5-49A8-4F26-83FC-C00D5FCB29A2}.Release|Any CPU.ActiveCfg = Release|Any CPU
		{68E799B5-49A8-4F26-83FC-C00D5FCB29A2}.Release|Any CPU.Build.0 = Release|Any CPU
	EndGlobalSection
	GlobalSection(SolutionProperties) = preSolution
		HideSolutionNode = FALSE
	EndGlobalSection
	GlobalSection(ExtensibilityGlobals) = postSolution
		SolutionGuid = {15AFDF3A-F873-47DE-B4CB-C3F9DAB543A8}
	EndGlobalSection
EndGlobal
